{
  "name": "bulksplash",
  "version": "1.0.0",
  "lockfileVersion": 1,
  "requires": true,
  "dependencies": {
    "ajv": {
      "version": "5.5.2",
      "resolved": "https://npm.squarespace.net:8443/a/ajv/_attachments/ajv-5.5.2.tgz",
      "integrity": "sha1-c7Xuyj+rZT49P5Qis0GtQiBdyWU=",
      "requires": {
        "co": "4.6.0",
        "fast-deep-equal": "1.1.0",
        "fast-json-stable-stringify": "2.0.0",
        "json-schema-traverse": "0.3.1"
      }
    },
    "archiver": {
      "version": "0.11.0",
      "resolved": "https://npm.squarespace.net:8443/a/archiver/_attachments/archiver-0.11.0.tgz",
      "integrity": "sha1-mBd9p6bAGSt/J5jzDNbquKvXZpA=",
      "dev": true,
      "requires": {
        "async": "0.9.2",
        "buffer-crc32": "0.2.13",
        "glob": "3.2.11",
        "lazystream": "0.1.0",
        "lodash": "2.4.2",
        "readable-stream": "1.0.34",
        "tar-stream": "0.4.7",
        "zip-stream": "0.4.1"
      }
    },
    "asn1": {
      "version": "0.2.3",
      "resolved": "https://npm.squarespace.net:8443/a/asn1/_attachments/asn1-0.2.3.tgz",
      "integrity": "sha1-2sh4dxPJlmhJ/IGAd36+nB3fO4Y="
    },
    "assert-plus": {
      "version": "1.0.0",
      "resolved": "https://npm.squarespace.net:8443/a/assert-plus/_attachments/assert-plus-1.0.0.tgz",
      "integrity": "sha1-8S4PPF13sLHN2RRpQuTpbB5N1SU="
    },
    "async": {
      "version": "0.9.2",
      "resolved": "https://npm.squarespace.net:8443/a/async/_attachments/async-0.9.2.tgz",
      "integrity": "sha1-rqdNXmHB+JlhO/ZL2mbUx48v0X0=",
      "dev": true
    },
    "asynckit": {
      "version": "0.4.0",
      "resolved": "https://npm.squarespace.net:8443/a/asynckit/_attachments/asynckit-0.4.0.tgz",
      "integrity": "sha1-x57Zf380y48robyXkLzDZkdLS3k="
    },
    "aws-sign2": {
      "version": "0.7.0",
      "resolved": "https://npm.squarespace.net:8443/a/aws-sign2/_attachments/aws-sign2-0.7.0.tgz",
      "integrity": "sha1-tG6JCTSpWR8tL2+G1+ap8bP+dqg="
    },
    "aws4": {
      "version": "1.7.0",
      "resolved": "https://npm.squarespace.net:8443/a/aws4/_attachments/aws4-1.7.0.tgz",
      "integrity": "sha512-32NDda82rhwD9/JBCCkB+MRYDp0oSvlo2IL6rQWA10PQi7tDUM3eqMSltXmY+Oyl/7N3P3qNtAlv7X0d9bI28w=="
    },
    "bcrypt-pbkdf": {
      "version": "1.0.1",
      "resolved": "https://npm.squarespace.net:8443/b/bcrypt-pbkdf/_attachments/bcrypt-pbkdf-1.0.1.tgz",
      "integrity": "sha1-Y7xdy2EzG5K8Bf1SiVPDNGKgb40=",
      "optional": true,
      "requires": {
        "tweetnacl": "0.14.5"
      }
    },
    "bl": {
      "version": "0.9.5",
      "resolved": "https://npm.squarespace.net:8443/b/bl/_attachments/bl-0.9.5.tgz",
      "integrity": "sha1-wGt5evCF6gC8Unr8jvzxHeIjIFQ=",
      "dev": true,
      "requires": {
        "readable-stream": "1.0.34"
      }
    },
    "boom": {
      "version": "4.3.1",
      "resolved": "https://npm.squarespace.net:8443/b/boom/_attachments/boom-4.3.1.tgz",
      "integrity": "sha1-T4owBctKfjiJ90kDD9JbluAdLjE=",
      "requires": {
        "hoek": "4.2.1"
      }
    },
    "buffer-crc32": {
      "version": "0.2.13",
      "resolved": "https://npm.squarespace.net:8443/b/buffer-crc32/_attachments/buffer-crc32-0.2.13.tgz",
      "integrity": "sha1-DTM+PwDqxQqhRUq9MO+MKl2ackI=",
      "dev": true
    },
    "caseless": {
      "version": "0.12.0",
      "resolved": "https://npm.squarespace.net:8443/c/caseless/_attachments/caseless-0.12.0.tgz",
      "integrity": "sha1-G2gcIf+EAzyCZUMJBolCDRhxUdw="
    },
    "co": {
      "version": "4.6.0",
      "resolved": "https://npm.squarespace.net:8443/c/co/_attachments/co-4.6.0.tgz",
      "integrity": "sha1-bqa989hTrlTMuOR7+gvz+QMfsYQ="
    },
    "combined-stream": {
      "version": "1.0.6",
      "resolved": "https://npm.squarespace.net:8443/c/combined-stream/_attachments/combined-stream-1.0.6.tgz",
      "integrity": "sha1-cj599ugBrFYTETp+RFqbactjKBg=",
      "requires": {
        "delayed-stream": "1.0.0"
      }
    },
    "commander": {
      "version": "2.15.1",
      "resolved": "https://npm.squarespace.net:8443/c/commander/_attachments/commander-2.15.1.tgz",
      "integrity": "sha512-VlfT9F3V0v+jr4yxPc5gg9s62/fIVWsd2Bk2iD435um1NlGMYdVCq+MjcXnhYq2icNOizHr1kK+5TI6H0Hy0ag=="
    },
    "compress-commons": {
      "version": "0.1.6",
      "resolved": "https://npm.squarespace.net:8443/c/compress-commons/_attachments/compress-commons-0.1.6.tgz",
      "integrity": "sha1-DHQIcP3ljLpRbwrAyCLjOguF36M=",
      "dev": true,
      "requires": {
        "buffer-crc32": "0.2.13",
        "crc32-stream": "0.3.4",
        "readable-stream": "1.0.34"
      }
    },
    "core-util-is": {
      "version": "1.0.2",
      "resolved": "https://npm.squarespace.net:8443/c/core-util-is/_attachments/core-util-is-1.0.2.tgz",
      "integrity": "sha1-tf1UIgqivFq1eqtxQMlAdUUDwac="
    },
    "crc32-stream": {
      "version": "0.3.4",
      "resolved": "https://npm.squarespace.net:8443/c/crc32-stream/_attachments/crc32-stream-0.3.4.tgz",
      "integrity": "sha1-c7wltF+sHbZjIjGnv86JJ+nwZVI=",
      "dev": true,
      "requires": {
        "buffer-crc32": "0.2.13",
        "readable-stream": "1.0.34"
      }
    },
    "cryptiles": {
      "version": "3.1.2",
      "resolved": "https://npm.squarespace.net:8443/c/cryptiles/_attachments/cryptiles-3.1.2.tgz",
      "integrity": "sha1-qJ+7Ig9c4l7FboxKqKT9e1sNKf4=",
      "requires": {
        "boom": "5.2.0"
      },
      "dependencies": {
        "boom": {
          "version": "5.2.0",
          "resolved": "https://npm.squarespace.net:8443/b/boom/_attachments/boom-5.2.0.tgz",
          "integrity": "sha512-Z5BTk6ZRe4tXXQlkqftmsAUANpXmuwlsF5Oov8ThoMbQRzdGTA1ngYRW160GexgOgjsFOKJz0LYhoNi+2AMBUw==",
          "requires": {
            "hoek": "4.2.1"
          }
        }
      }
    },
    "dashdash": {
      "version": "1.14.1",
      "resolved": "https://npm.squarespace.net:8443/d/dashdash/_attachments/dashdash-1.14.1.tgz",
      "integrity": "sha1-hTz6D3y+L+1d4gMmuN1YEDX24vA=",
      "requires": {
        "assert-plus": "1.0.0"
      }
    },
    "delayed-stream": {
      "version": "1.0.0",
      "resolved": "https://npm.squarespace.net:8443/d/delayed-stream/_attachments/delayed-stream-1.0.0.tgz",
      "integrity": "sha1-3zrhmayt+31ECqrgsp4icrJOxhk="
    },
    "ecc-jsbn": {
      "version": "0.1.1",
      "resolved": "https://npm.squarespace.net:8443/e/ecc-jsbn/_attachments/ecc-jsbn-0.1.1.tgz",
      "integrity": "sha1-D8c6ntXw1Tw4GTOYUj735UN3dQU=",
      "optional": true,
      "requires": {
        "jsbn": "0.1.1"
      }
    },
    "end-of-stream": {
      "version": "1.4.1",
      "resolved": "https://npm.squarespace.net:8443/e/end-of-stream/_attachments/end-of-stream-1.4.1.tgz",
      "integrity": "sha512-1MkrZNvWTKCaigbn+W15elq2BB/L22nqrSY5DKlo3X6+vclJm8Bb5djXJBmEX6fS3+zCh/F4VBK5Z2KxJt4s2Q==",
      "dev": true,
      "requires": {
        "once": "1.4.0"
      }
    },
    "extend": {
      "version": "3.0.1",
      "resolved": "https://npm.squarespace.net:8443/e/extend/_attachments/extend-3.0.1.tgz",
      "integrity": "sha1-p1Xqe8Gt/MWjHOfnYtuq3F5jZEQ="
    },
    "extsprintf": {
      "version": "1.3.0",
      "resolved": "https://npm.squarespace.net:8443/e/extsprintf/_attachments/extsprintf-1.3.0.tgz",
      "integrity": "sha1-lpGEQOMEGnpBT4xS48V06zw+HgU="
    },
    "fast-deep-equal": {
      "version": "1.1.0",
      "resolved": "https://npm.squarespace.net:8443/f/fast-deep-equal/_attachments/fast-deep-equal-1.1.0.tgz",
      "integrity": "sha1-wFNHeBfIa1HaqFPIHgWbcz0CNhQ="
    },
    "fast-json-stable-stringify": {
      "version": "2.0.0",
      "resolved": "https://npm.squarespace.net:8443/f/fast-json-stable-stringify/_attachments/fast-json-stable-stringify-2.0.0.tgz",
      "integrity": "sha1-1RQsDK7msRifh9OnYREGT4bIu/I="
    },
    "forever-agent": {
      "version": "0.6.1",
      "resolved": "https://npm.squarespace.net:8443/f/forever-agent/_attachments/forever-agent-0.6.1.tgz",
      "integrity": "sha1-+8cfDEGt6zf5bFd60e1C2P2sypE="
    },
    "form-data": {
      "version": "2.3.2",
      "resolved": "https://npm.squarespace.net:8443/f/form-data/_attachments/form-data-2.3.2.tgz",
      "integrity": "sha1-SXBJi+YEwgwAXU9cI67NIda0kJk=",
      "requires": {
        "asynckit": "0.4.0",
        "combined-stream": "1.0.6",
        "mime-types": "2.1.18"
      }
    },
    "form-urlencoded": {
      "version": "1.2.0",
      "resolved": "https://npm.squarespace.net:8443/f/form-urlencoded/_attachments/form-urlencoded-1.2.0.tgz",
      "integrity": "sha1-Fs4sr6dtLki55ROrcjIorqWZM5Y="
    },
    "fs": {
      "version": "0.0.1-security",
      "resolved": "https://npm.squarespace.net:8443/f/fs/_attachments/fs-0.0.1-security.tgz",
      "integrity": "sha1-invTcYa23d84E/I4WLV+yq9eQdQ="
    },
    "getpass": {
      "version": "0.1.7",
      "resolved": "https://npm.squarespace.net:8443/g/getpass/_attachments/getpass-0.1.7.tgz",
      "integrity": "sha1-Xv+OPmhNVprkyysSgmBOi6YhSfo=",
      "requires": {
        "assert-plus": "1.0.0"
      }
    },
    "glob": {
      "version": "3.2.11",
      "resolved": "https://npm.squarespace.net:8443/g/glob/_attachments/glob-3.2.11.tgz",
      "integrity": "sha1-Spc/Y1uRkPcV0QmH1cAP0oFevj0=",
      "dev": true,
      "requires": {
        "inherits": "2.0.1",
        "minimatch": "0.3.0"
      }
    },
    "har-schema": {
      "version": "2.0.0",
      "resolved": "https://npm.squarespace.net:8443/h/har-schema/_attachments/har-schema-2.0.0.tgz",
      "integrity": "sha1-qUwiJOvKwEeCoNkDVSHyRzW37JI="
    },
    "har-validator": {
      "version": "5.0.3",
      "resolved": "https://npm.squarespace.net:8443/h/har-validator/_attachments/har-validator-5.0.3.tgz",
      "integrity": "sha1-ukAsJmGU8VlW7xXg/PJCmT9qff0=",
      "requires": {
        "ajv": "5.5.2",
        "har-schema": "2.0.0"
      }
    },
    "hawk": {
      "version": "6.0.2",
      "resolved": "https://npm.squarespace.net:8443/h/hawk/_attachments/hawk-6.0.2.tgz",
      "integrity": "sha512-miowhl2+U7Qle4vdLqDdPt9m09K6yZhkLDTWGoUiUzrQCn+mHHSmfJgAyGaLRZbPmTqfFFjRV1QWCW0VWUJBbQ==",
      "requires": {
        "boom": "4.3.1",
        "cryptiles": "3.1.2",
        "hoek": "4.2.1",
        "sntp": "2.1.0"
      }
    },
    "hoek": {
      "version": "4.2.1",
      "resolved": "https://npm.squarespace.net:8443/h/hoek/_attachments/hoek-4.2.1.tgz",
      "integrity": "sha512-QLg82fGkfnJ/4iy1xZ81/9SIJiq1NGFUMGs6ParyjBZr6jW2Ufj/snDqTHixNlHdPNwN2RLVD0Pi3igeK9+JfA=="
    },
    "http-signature": {
      "version": "1.2.0",
      "resolved": "https://npm.squarespace.net:8443/h/http-signature/_attachments/http-signature-1.2.0.tgz",
      "integrity": "sha1-muzZJRFHcvPZW2WmCruPfBj7rOE=",
      "requires": {
        "assert-plus": "1.0.0",
        "jsprim": "1.4.1",
        "sshpk": "1.14.1"
      }
    },
    "https": {
      "version": "1.0.0",
      "resolved": "https://npm.squarespace.net:8443/h/https/_attachments/https-1.0.0.tgz",
      "integrity": "sha1-PDfHrhqO65ZpBKKtHpdaGUt+06Q="
    },
    "inherits": {
      "version": "2.0.1",
      "resolved": "https://npm.squarespace.net:8443/i/inherits/_attachments/inherits-2.0.1.tgz",
      "integrity": "sha1-sX0I0ya0Qj5Wjv9xn5GwscvfafE="
    },
    "is-typedarray": {
      "version": "1.0.0",
      "resolved": "https://npm.squarespace.net:8443/i/is-typedarray/_attachments/is-typedarray-1.0.0.tgz",
      "integrity": "sha1-5HnICFjfDBsR3dppQPlgEfzaSpo="
    },
    "isarray": {
      "version": "0.0.1",
      "resolved": "https://npm.squarespace.net:8443/i/isarray/_attachments/isarray-0.0.1.tgz",
      "integrity": "sha1-ihis/Kmo9Bd+Cav8YDiTmwXR7t8=",
      "dev": true
    },
    "isstream": {
      "version": "0.1.2",
      "resolved": "https://npm.squarespace.net:8443/i/isstream/_attachments/isstream-0.1.2.tgz",
      "integrity": "sha1-R+Y/evVa+m+S4VAOaQ64uFKcCZo="
    },
    "jsbn": {
      "version": "0.1.1",
      "resolved": "https://npm.squarespace.net:8443/j/jsbn/_attachments/jsbn-0.1.1.tgz",
      "integrity": "sha1-peZUwuWi3rXyAdls77yoDA7y9RM=",
      "optional": true
    },
    "json-schema": {
      "version": "0.2.3",
      "resolved": "https://npm.squarespace.net:8443/j/json-schema/_attachments/json-schema-0.2.3.tgz",
      "integrity": "sha1-tIDIkuWaLwWVTOcnvT8qTogvnhM="
    },
    "json-schema-traverse": {
      "version": "0.3.1",
      "resolved": "https://npm.squarespace.net:8443/j/json-schema-traverse/_attachments/json-schema-traverse-0.3.1.tgz",
      "integrity": "sha1-NJptRMU6Ud6JtAgFxdXlm0F9M0A="
    },
    "json-stringify-safe": {
      "version": "5.0.1",
      "resolved": "https://npm.squarespace.net:8443/j/json-stringify-safe/_attachments/json-stringify-safe-5.0.1.tgz",
      "integrity": "sha1-Epai1Y/UXxmg9s4B1lcB4sc1tus="
    },
    "jsprim": {
      "version": "1.4.1",
      "resolved": "https://npm.squarespace.net:8443/j/jsprim/_attachments/jsprim-1.4.1.tgz",
      "integrity": "sha1-MT5mvB5cwG5Di8G3SZwuXFastqI=",
      "requires": {
        "assert-plus": "1.0.0",
        "extsprintf": "1.3.0",
        "json-schema": "0.2.3",
        "verror": "1.10.0"
      }
    },
    "jszip": {
      "version": "2.5.0",
      "resolved": "https://npm.squarespace.net:8443/j/jszip/_attachments/jszip-2.5.0.tgz",
      "integrity": "sha1-dET9hVHd8+XacZj+oMkbyDCMwnQ=",
      "requires": {
        "pako": "0.2.9"
      }
    },
    "lazystream": {
      "version": "0.1.0",
      "resolved": "https://npm.squarespace.net:8443/l/lazystream/_attachments/lazystream-0.1.0.tgz",
      "integrity": "sha1-GyXWPHcqTCDwpe0KnXf0hLbhaSA=",
      "dev": true,
      "requires": {
        "readable-stream": "1.0.34"
      }
    },
    "lodash": {
      "version": "2.4.2",
      "resolved": "https://npm.squarespace.net:8443/l/lodash/_attachments/lodash-2.4.2.tgz",
      "integrity": "sha1-+t2DS5aDBz2hebPq5tnA0VBT9z4=",
      "dev": true
    },
    "lodash.get": {
      "version": "4.4.2",
      "resolved": "https://npm.squarespace.net:8443/l/lodash.get/_attachments/lodash.get-4.4.2.tgz",
      "integrity": "sha1-LRd/ZS+jHpObRDjVNBSZ36OCXpk="
    },
    "lru-cache": {
      "version": "2.7.3",
      "resolved": "https://npm.squarespace.net:8443/l/lru-cache/_attachments/lru-cache-2.7.3.tgz",
      "integrity": "sha1-bUUk6LlV+V1PW1iFHOId1y+06VI=",
      "dev": true
    },
    "mime-db": {
      "version": "1.33.0",
      "resolved": "https://npm.squarespace.net:8443/m/mime-db/_attachments/mime-db-1.33.0.tgz",
      "integrity": "sha512-BHJ/EKruNIqJf/QahvxwQZXKygOQ256myeN/Ew+THcAa5q+PjyTTMMeNQC4DZw5AwfvelsUrA6B67NKMqXDbzQ=="
    },
    "mime-types": {
      "version": "2.1.18",
      "resolved": "https://npm.squarespace.net:8443/m/mime-types/_attachments/mime-types-2.1.18.tgz",
      "integrity": "sha512-lc/aahn+t4/SWV/qcmumYjymLsWfN3ELhpmVuUFjgsORruuZPVSwAQryq+HHGvO/SI2KVX26bx+En+zhM8g8hQ==",
      "requires": {
        "mime-db": "1.33.0"
      }
    },
    "minimatch": {
      "version": "0.3.0",
      "resolved": "https://npm.squarespace.net:8443/m/minimatch/_attachments/minimatch-0.3.0.tgz",
      "integrity": "sha1-J12O2qxPG7MyZHIInnlJyDlGmd0=",
      "dev": true,
      "requires": {
        "lru-cache": "2.7.3",
        "sigmund": "1.0.1"
      }
    },
    "node-zip": {
      "version": "1.1.1",
      "resolved": "https://npm.squarespace.net:8443/n/node-zip/_attachments/node-zip-1.1.1.tgz",
      "integrity": "sha1-lNGtZ0o81GoViN1zb0qaeMdX62I=",
      "requires": {
        "jszip": "2.5.0"
      }
    },
    "nodeJs-zip": {
      "version": "1.0.4",
      "resolved": "https://npm.squarespace.net:8443/n/nodeJs-zip/_attachments/nodeJs-zip-1.0.4.tgz",
      "integrity": "sha1-8IjS0b1lIZ/17rBQ6O5atT9N6HY=",
      "requires": {
        "node-zip": "1.1.1"
      }
    },
    "oauth-sign": {
      "version": "0.8.2",
      "resolved": "https://npm.squarespace.net:8443/o/oauth-sign/_attachments/oauth-sign-0.8.2.tgz",
      "integrity": "sha1-Rqarfwrq2N6unsBWV4C31O/rnUM="
    },
    "once": {
      "version": "1.4.0",
      "resolved": "https://npm.squarespace.net:8443/o/once/_attachments/once-1.4.0.tgz",
      "integrity": "sha1-WDsap3WWHUsROsF9nFC6753Xa9E=",
      "dev": true,
      "requires": {
        "wrappy": "1.0.2"
      }
    },
    "pako": {
      "version": "0.2.9",
      "resolved": "https://npm.squarespace.net:8443/p/pako/_attachments/pako-0.2.9.tgz",
      "integrity": "sha1-8/dSL073gjSNqBYbrZ7P1Rv4OnU="
    },
    "path": {
      "version": "0.12.7",
      "resolved": "https://npm.squarespace.net:8443/p/path/_attachments/path-0.12.7.tgz",
      "integrity": "sha1-1NwqUGxM4hl+tIHr/NWzbAFAsQ8=",
      "requires": {
        "process": "0.11.10",
        "util": "0.10.3"
      }
    },
    "performance-now": {
      "version": "2.1.0",
      "resolved": "https://npm.squarespace.net:8443/p/performance-now/_attachments/performance-now-2.1.0.tgz",
      "integrity": "sha1-Ywn04OX6kT7BxpMHrjZLSzd8nns="
    },
    "process": {
      "version": "0.11.10",
      "resolved": "https://npm.squarespace.net:8443/p/process/_attachments/process-0.11.10.tgz",
      "integrity": "sha1-czIwDoQBYb2j5podHZGn1LwW8YI="
    },
    "progress": {
      "version": "1.1.8",
      "resolved": "https://npm.squarespace.net:8443/p/progress/_attachments/progress-1.1.8.tgz",
      "integrity": "sha1-4mDHj2Fhzdmw5WzD4Khd4Xx6V74=",
      "dev": true
    },
    "punycode": {
      "version": "1.4.1",
      "resolved": "https://npm.squarespace.net:8443/p/punycode/_attachments/punycode-1.4.1.tgz",
      "integrity": "sha1-wNWmOycYgArY4esPpSachN1BhF4="
    },
    "qs": {
      "version": "6.5.1",
      "resolved": "https://npm.squarespace.net:8443/q/qs/_attachments/qs-6.5.1.tgz",
      "integrity": "sha512-eRzhrN1WSINYCDCbrz796z37LOe3m5tmW7RQf6oBntukAG1nmovJvhnwHHRMAfeoItc1m2Hk02WER2aQ/iqs+A=="
    },
    "querystring": {
      "version": "0.2.0",
      "resolved": "https://npm.squarespace.net:8443/q/querystring/_attachments/querystring-0.2.0.tgz",
      "integrity": "sha1-sgmEkgO7Jd+CDadW50cAWHhSFiA="
    },
    "querystringify": {
      "version": "1.0.0",
      "resolved": "https://npm.squarespace.net:8443/q/querystringify/_attachments/querystringify-1.0.0.tgz",
      "integrity": "sha1-YoYkIRLFtxL6ZU5SZlK/ahP/Bcs="
    },
    "readable-stream": {
      "version": "1.0.34",
      "resolved": "https://npm.squarespace.net:8443/r/readable-stream/_attachments/readable-stream-1.0.34.tgz",
      "integrity": "sha1-Elgg40vIQtLyqq+v5MKRbuMsFXw=",
      "dev": true,
      "requires": {
        "core-util-is": "1.0.2",
        "inherits": "2.0.1",
        "isarray": "0.0.1",
        "string_decoder": "0.10.31"
      }
    },
    "request": {
      "version": "2.85.0",
      "resolved": "https://npm.squarespace.net:8443/r/request/_attachments/request-2.85.0.tgz",
      "integrity": "sha512-8H7Ehijd4js+s6wuVPLjwORxD4zeuyjYugprdOXlPSqaApmL/QOy+EB/beICHVCHkGMKNh5rvihb5ov+IDw4mg==",
      "requires": {
        "aws-sign2": "0.7.0",
        "aws4": "1.7.0",
        "caseless": "0.12.0",
        "combined-stream": "1.0.6",
        "extend": "3.0.1",
        "forever-agent": "0.6.1",
        "form-data": "2.3.2",
        "har-validator": "5.0.3",
        "hawk": "6.0.2",
        "http-signature": "1.2.0",
        "is-typedarray": "1.0.0",
        "isstream": "0.1.2",
        "json-stringify-safe": "5.0.1",
        "mime-types": "2.1.18",
        "oauth-sign": "0.8.2",
        "performance-now": "2.1.0",
        "qs": "6.5.1",
        "safe-buffer": "5.1.2",
        "stringstream": "0.0.5",
        "tough-cookie": "2.3.4",
        "tunnel-agent": "0.6.0",
        "uuid": "3.2.1"
      }
    },
    "requires-port": {
      "version": "1.0.0",
      "resolved": "https://npm.squarespace.net:8443/r/requires-port/_attachments/requires-port-1.0.0.tgz",
      "integrity": "sha1-kl0mAdOaxIXgkc8NpcbmlNw9yv8="
    },
    "safe-buffer": {
      "version": "5.1.2",
      "resolved": "https://npm.squarespace.net:8443/s/safe-buffer/_attachments/safe-buffer-5.1.2.tgz",
      "integrity": "sha512-Gd2UZBJDkXlY7GbJxfsE8/nvKkUEU1G38c1siN6QP6a9PT9MmHB8GnpscSmMJSoF8LOIrt8ud/wPtojys4G6+g=="
    },
    "sigmund": {
      "version": "1.0.1",
      "resolved": "https://npm.squarespace.net:8443/s/sigmund/_attachments/sigmund-1.0.1.tgz",
      "integrity": "sha1-P/IfGYytIXX587eBhT/ZTQ0ZtZA=",
      "dev": true
    },
    "sntp": {
      "version": "2.1.0",
      "resolved": "https://npm.squarespace.net:8443/s/sntp/_attachments/sntp-2.1.0.tgz",
      "integrity": "sha512-FL1b58BDrqS3A11lJ0zEdnJ3UOKqVxawAkF3k7F0CVN7VQ34aZrV+G8BZ1WC9ZL7NyrwsW0oviwsWDgRuVYtJg==",
      "requires": {
        "hoek": "4.2.1"
      }
    },
    "sshpk": {
      "version": "1.14.1",
      "resolved": "https://npm.squarespace.net:8443/s/sshpk/_attachments/sshpk-1.14.1.tgz",
      "integrity": "sha1-Ew9Zde3a2WPx1W+SuaxsUfqfg+s=",
      "requires": {
        "asn1": "0.2.3",
        "assert-plus": "1.0.0",
        "bcrypt-pbkdf": "1.0.1",
        "dashdash": "1.14.1",
        "ecc-jsbn": "0.1.1",
        "getpass": "0.1.7",
        "jsbn": "0.1.1",
        "tweetnacl": "0.14.5"
      }
    },
    "string_decoder": {
      "version": "0.10.31",
      "resolved": "https://npm.squarespace.net:8443/s/string_decoder/_attachments/string_decoder-0.10.31.tgz",
      "integrity": "sha1-YuIDvEF2bGwoyfyEMB2rHFMQ+pQ=",
      "dev": true
    },
    "stringstream": {
      "version": "0.0.5",
      "resolved": "https://npm.squarespace.net:8443/s/stringstream/_attachments/stringstream-0.0.5.tgz",
      "integrity": "sha1-TkhM1N5aC7vuGORjB3EKioFiGHg="
    },
    "tar-stream": {
      "version": "0.4.7",
      "resolved": "https://npm.squarespace.net:8443/t/tar-stream/_attachments/tar-stream-0.4.7.tgz",
      "integrity": "sha1-Hx0s6evHtCdlJDyg6PG3v9oKrc0=",
      "dev": true,
      "requires": {
        "bl": "0.9.5",
        "end-of-stream": "1.4.1",
        "readable-stream": "1.0.34",
        "xtend": "4.0.1"
      }
    },
    "tough-cookie": {
      "version": "2.3.4",
      "resolved": "https://npm.squarespace.net:8443/t/tough-cookie/_attachments/tough-cookie-2.3.4.tgz",
      "integrity": "sha512-TZ6TTfI5NtZnuyy/Kecv+CnoROnyXn2DN97LontgQpCwsX2XyLYCC0ENhYkehSOwAp8rTQKc/NUIF7BkQ5rKLA==",
      "requires": {
        "punycode": "1.4.1"
      }
    },
    "tunnel-agent": {
      "version": "0.6.0",
      "resolved": "https://npm.squarespace.net:8443/t/tunnel-agent/_attachments/tunnel-agent-0.6.0.tgz",
      "integrity": "sha1-J6XeoGs2sEoKmWZ3SykIaPD8QP0=",
      "requires": {
        "safe-buffer": "5.1.2"
      }
    },
    "tweetnacl": {
      "version": "0.14.5",
      "resolved": "https://npm.squarespace.net:8443/t/tweetnacl/_attachments/tweetnacl-0.14.5.tgz",
      "integrity": "sha1-WuaBd/GS1EViadEIr6k/+HQ/T2Q=",
      "optional": true
    },
    "unsplash-js": {
      "version": "4.8.0",
      "resolved": "https://npm.squarespace.net:8443/u/unsplash-js/_attachments/unsplash-js-4.8.0.tgz",
      "integrity": "sha1-ilqMy985QQ/7n91fBO0mUepkQ0k=",
      "requires": {
        "form-urlencoded": "1.2.0",
        "lodash.get": "4.4.2",
        "querystring": "0.2.0",
        "url-parse": "1.2.0"
      }
    },
    "url-parse": {
      "version": "1.2.0",
      "resolved": "https://npm.squarespace.net:8443/u/url-parse/_attachments/url-parse-1.2.0.tgz",
      "integrity": "sha512-DT1XbYAfmQP65M/mE6OALxmXzZ/z1+e5zk2TcSKe/KiYbNGZxgtttzC0mR/sjopbpOXcbniq7eIKmocJnUWlEw==",
      "requires": {
        "querystringify": "1.0.0",
        "requires-port": "1.0.0"
      }
    },
    "util": {
      "version": "0.10.3",
      "resolved": "https://npm.squarespace.net:8443/u/util/_attachments/util-0.10.3.tgz",
      "integrity": "sha1-evsa/lCAUkZInj23/g7TeTNqwPk=",
      "requires": {
        "inherits": "2.0.1"
      }
    },
    "uuid": {
      "version": "3.2.1",
      "resolved": "https://npm.squarespace.net:8443/u/uuid/_attachments/uuid-3.2.1.tgz",
      "integrity": "sha512-jZnMwlb9Iku/O3smGWvZhauCf6cvvpKi4BKRiliS3cxnI+Gz9j5MEpTz2UFuXiKPJocb7gnsLHwiS05ige5BEA=="
    },
    "verror": {
      "version": "1.10.0",
      "resolved": "https://npm.squarespace.net:8443/v/verror/_attachments/verror-1.10.0.tgz",
      "integrity": "sha1-OhBcoXBTr1XW4nDB+CiGguGNpAA=",
      "requires": {
        "assert-plus": "1.0.0",
        "core-util-is": "1.0.2",
        "extsprintf": "1.3.0"
      }
    },
    "wrappy": {
      "version": "1.0.2",
      "resolved": "https://npm.squarespace.net:8443/w/wrappy/_attachments/wrappy-1.0.2.tgz",
      "integrity": "sha1-tSQ9jz7BqjXxNkYFvA0QNuMKtp8=",
      "dev": true
    },
    "xtend": {
      "version": "4.0.1",
      "resolved": "https://npm.squarespace.net:8443/x/xtend/_attachments/xtend-4.0.1.tgz",
      "integrity": "sha1-pcbVMr5lbiPbgg77lDofBJmNY68=",
      "dev": true
    },
    "zip-folder": {
      "version": "1.0.0",
      "resolved": "https://npm.squarespace.net:8443/z/zip-folder/_attachments/zip-folder-1.0.0.tgz",
      "integrity": "sha1-cKd0T9F4mi/rQa00GbMun9h5V7I=",
      "dev": true,
      "requires": {
        "archiver": "0.11.0"
      }
    },
    "zip-stream": {
      "version": "0.4.1",
      "resolved": "https://npm.squarespace.net:8443/z/zip-stream/_attachments/zip-stream-0.4.1.tgz",
      "integrity": "sha1-TqeVqM4Z6fq0mjHR0IdyFBWfA6M=",
      "dev": true,
      "requires": {
        "compress-commons": "0.1.6",
        "lodash": "2.4.2",
        "readable-stream": "1.0.34"
      }
    }
  }
}
